
Microsoft Visual Studio Solution File, Format Version 12.00
# Visual Studio Version 16
VisualStudioVersion = 16.0.30114.105
MinimumVisualStudioVersion = 10.0.40219.1
Project("{FAE04EC0-301F-11D3-BF4B-00C04F79EFBC}") = "UIConsole", "UIConsole\UIConsole.csproj", "{336AAF44-5DDD-450F-B641-6854FDC09DE7}"
EndProject
Project("{FAE04EC0-301F-11D3-BF4B-00C04F79EFBC}") = "Domain", "Domain\Domain.csproj", "{A05C8125-2864-4B27-8C9A-7D2C0257CCD9}"
EndProject
Project("{FAE04EC0-301F-11D3-BF4B-00C04F79EFBC}") = "Aplicacao", "Aplicacao\Aplicacao.csproj", "{4363BFE0-F3D7-4297-B234-62025BE339E2}"
EndProject
Project("{FAE04EC0-301F-11D3-BF4B-00C04F79EFBC}") = "Repositorio", "Repositorio\Repositorio.csproj", "{99544348-934D-4700-8828-7FD4B92A420D}"
EndProject
Global
	GlobalSection(SolutionConfigurationPlatforms) = preSolution
		Debug|Any CPU = Debug|Any CPU
		Release|Any CPU = Release|Any CPU
	EndGlobalSection
	GlobalSection(ProjectConfigurationPlatforms) = postSolution
		{336AAF44-5DDD-450F-B641-6854FDC09DE7}.Debug|Any CPU.ActiveCfg = Debug|Any CPU
		{336AAF44-5DDD-450F-B641-6854FDC09DE7}.Debug|Any CPU.Build.0 = Debug|Any CPU
		{336AAF44-5DDD-450F-B641-6854FDC09DE7}.Release|Any CPU.ActiveCfg = Release|Any CPU
		{336AAF44-5DDD-450F-B641-6854FDC09DE7}.Release|Any CPU.Build.0 = Release|Any CPU
		{A05C8125-2864-4B27-8C9A-7D2C0257CCD9}.Debug|Any CPU.ActiveCfg = Debug|Any CPU
		{A05C8125-2864-4B27-8C9A-7D2C0257CCD9}.Debug|Any CPU.Build.0 = Debug|Any CPU
		{A05C8125-2864-4B27-8C9A-7D2C0257CCD9}.Release|Any CPU.ActiveCfg = Release|Any CPU
		{A05C8125-2864-4B27-8C9A-7D2C0257CCD9}.Release|Any CPU.Build.0 = Release|Any CPU
		{4363BFE0-F3D7-4297-B234-62025BE339E2}.Debug|Any CPU.ActiveCfg = Debug|Any CPU
		{4363BFE0-F3D7-4297-B234-62025BE339E2}.Debug|Any CPU.Build.0 = Debug|Any CPU
		{4363BFE0-F3D7-4297-B234-62025BE339E2}.Release|Any CPU.ActiveCfg = Release|Any CPU
		{4363BFE0-F3D7-4297-B234-62025BE339E2}.Release|Any CPU.Build.0 = Release|Any CPU
		{99544348-934D-4700-8828-7FD4B92A420D}.Debug|Any CPU.ActiveCfg = Debug|Any CPU
		{99544348-934D-4700-8828-7FD4B92A420D}.Debug|Any CPU.Build.0 = Debug|Any CPU
		{99544348-934D-4700-8828-7FD4B92A420D}.Release|Any CPU.ActiveCfg = Release|Any CPU
		{99544348-934D-4700-8828-7FD4B92A420D}.Release|Any CPU.Build.0 = Release|Any CPU
	EndGlobalSection
	GlobalSection(SolutionProperties) = preSolution
		HideSolutionNode = FALSE
	EndGlobalSection
	GlobalSection(ExtensibilityGlobals) = postSolution
		SolutionGuid = {7DF1F497-75B0-436A-86F6-726EAD00267B}
	EndGlobalSection
EndGlobal
